
Microsoft Visual Studio Solution File, Format Version 12.00
# Visual Studio Version 17
VisualStudioVersion = 17.11.35312.102
MinimumVisualStudioVersion = 10.0.40219.1
Project("{888888A0-9F3D-457C-B088-3A5042F75D52}") = "module5hard", "module5hard.pyproj", "{D4385F9B-1ED1-4634-A812-2E587E126E08}"
EndProject
Global
	GlobalSection(SolutionConfigurationPlatforms) = preSolution
		Debug|Any CPU = Debug|Any CPU
		Release|Any CPU = Release|Any CPU
	EndGlobalSection
	GlobalSection(ProjectConfigurationPlatforms) = postSolution
		{D4385F9B-1ED1-4634-A812-2E587E126E08}.Debug|Any CPU.ActiveCfg = Debug|Any CPU
		{D4385F9B-1ED1-4634-A812-2E587E126E08}.Release|Any CPU.ActiveCfg = Release|Any CPU
	EndGlobalSection
	GlobalSection(SolutionProperties) = preSolution
		HideSolutionNode = FALSE
	EndGlobalSection
	GlobalSection(ExtensibilityGlobals) = postSolution
		SolutionGuid = {5D56CD69-5FD0-4AE5-9CEE-7EF1F7333334}
	EndGlobalSection
EndGlobal
